
Microsoft Visual Studio Solution File, Format Version 12.00
# Visual Studio Version 17
VisualStudioVersion = 17.9.34728.123
MinimumVisualStudioVersion = 10.0.40219.1
Project("{FAE04EC0-301F-11D3-BF4B-00C04F79EFBC}") = "LinqPractises", "LinqPractises\LinqPractises.csproj", "{E4673AB9-B0F6-4B61-84DE-5D95E6CD1013}"
EndProject
Global
	GlobalSection(SolutionConfigurationPlatforms) = preSolution
		Debug|Any CPU = Debug|Any CPU
		Release|Any CPU = Release|Any CPU
	EndGlobalSection
	GlobalSection(ProjectConfigurationPlatforms) = postSolution
		{E4673AB9-B0F6-4B61-84DE-5D95E6CD1013}.Debug|Any CPU.ActiveCfg = Debug|Any CPU
		{E4673AB9-B0F6-4B61-84DE-5D95E6CD1013}.Debug|Any CPU.Build.0 = Debug|Any CPU
		{E4673AB9-B0F6-4B61-84DE-5D95E6CD1013}.Release|Any CPU.ActiveCfg = Release|Any CPU
		{E4673AB9-B0F6-4B61-84DE-5D95E6CD1013}.Release|Any CPU.Build.0 = Release|Any CPU
	EndGlobalSection
	GlobalSection(SolutionProperties) = preSolution
		HideSolutionNode = FALSE
	EndGlobalSection
	GlobalSection(ExtensibilityGlobals) = postSolution
		SolutionGuid = {83180764-352E-477A-BC8F-1836A3FE5E77}
	EndGlobalSection
EndGlobal
